
Microsoft Visual Studio Solution File, Format Version 12.00
# Visual Studio Version 17
VisualStudioVersion = 17.4.33110.190
MinimumVisualStudioVersion = 10.0.40219.1
Project("{9A19103F-16F7-4668-BE54-9A1E7A4F7556}") = "WebApi", "WebApi\WebApi.csproj", "{12D802C5-BB1A-4413-BB71-7D6541064D49}"
EndProject
Project("{E53339B2-1760-4266-BCC7-CA923CBCF16C}") = "docker-compose", "docker-compose.dcproj", "{42DF2584-18CB-40CA-815E-A9B3BA1ED76F}"
EndProject
Project("{FAE04EC0-301F-11D3-BF4B-00C04F79EFBC}") = "Core", "Core\Core.csproj", "{EBED127A-4AF3-4ABD-A998-4D18204C5F2B}"
EndProject
Global
	GlobalSection(SolutionConfigurationPlatforms) = preSolution
		Debug|Any CPU = Debug|Any CPU
		Release|Any CPU = Release|Any CPU
	EndGlobalSection
	GlobalSection(ProjectConfigurationPlatforms) = postSolution
		{12D802C5-BB1A-4413-BB71-7D6541064D49}.Debug|Any CPU.ActiveCfg = Debug|Any CPU
		{12D802C5-BB1A-4413-BB71-7D6541064D49}.Debug|Any CPU.Build.0 = Debug|Any CPU
		{12D802C5-BB1A-4413-BB71-7D6541064D49}.Release|Any CPU.ActiveCfg = Release|Any CPU
		{12D802C5-BB1A-4413-BB71-7D6541064D49}.Release|Any CPU.Build.0 = Release|Any CPU
		{42DF2584-18CB-40CA-815E-A9B3BA1ED76F}.Debug|Any CPU.ActiveCfg = Debug|Any CPU
		{42DF2584-18CB-40CA-815E-A9B3BA1ED76F}.Debug|Any CPU.Build.0 = Debug|Any CPU
		{42DF2584-18CB-40CA-815E-A9B3BA1ED76F}.Release|Any CPU.ActiveCfg = Release|Any CPU
		{42DF2584-18CB-40CA-815E-A9B3BA1ED76F}.Release|Any CPU.Build.0 = Release|Any CPU
		{EBED127A-4AF3-4ABD-A998-4D18204C5F2B}.Debug|Any CPU.ActiveCfg = Debug|Any CPU
		{EBED127A-4AF3-4ABD-A998-4D18204C5F2B}.Debug|Any CPU.Build.0 = Debug|Any CPU
		{EBED127A-4AF3-4ABD-A998-4D18204C5F2B}.Release|Any CPU.ActiveCfg = Release|Any CPU
		{EBED127A-4AF3-4ABD-A998-4D18204C5F2B}.Release|Any CPU.Build.0 = Release|Any CPU
	EndGlobalSection
	GlobalSection(SolutionProperties) = preSolution
		HideSolutionNode = FALSE
	EndGlobalSection
	GlobalSection(ExtensibilityGlobals) = postSolution
		SolutionGuid = {1698C35F-FEAD-43BC-AD6D-8A67F68288F7}
	EndGlobalSection
EndGlobal
